{
  "name": "DaoYun",
  "version": "1.0.0",
  "lockfileVersion": 1,
  "requires": true,
  "dependencies": {
    "@dcloudio/uni-ui": {
      "version": "1.2.12",
      "resolved": "https://registry.npmjs.org/@dcloudio/uni-ui/-/uni-ui-1.2.12.tgz",
      "integrity": "sha512-zRYDEJTbeGPg5yE3ktX0JGkVEMbXaICnGT8LHAb3KugkNPHWKTh3FH3u/NESxXdKB6w+tYBVlhqAtQLYgE6Y4Q=="
    },
    "jquery": {
      "version": "3.6.0",
      "resolved": "https://registry.npmjs.org/jquery/-/jquery-3.6.0.tgz",
      "integrity": "sha512-JVzAR/AjBvVt2BmYhxRCSYysDsPcssdmTFnzyLEts9qNwmjmu4JTAMYubEfwVOSwpQ1I1sKKFcxhZCI2buerfw=="
    },
    "patternlock": {
      "version": "2.0.2",
      "resolved": "https://registry.npmjs.org/patternlock/-/patternlock-2.0.2.tgz",
      "integrity": "sha512-rqXf3jRWazhLkx6UAouafi+OotWWUGSR/DBtwGygFuc1TIZb8ejl9f983RxmQvHaqT0PRRYA943iYcLtMOzWmg==",
      "requires": {
        "jquery": "^3.3.1"
      }
    }
  }
}
