{
  "name": "DaoYun",
  "version": "1.0.0",
  "lockfileVersion": 1,
  "requires": true,
  "dependencies": {
    "@dcloudio/uni-ui": {
      "version": "1.2.12",
      "resolved": "https://registry.npmjs.org/@dcloudio/uni-ui/-/uni-ui-1.2.12.tgz",
      "integrity": "sha512-zRYDEJTbeGPg5yE3ktX0JGkVEMbXaICnGT8LHAb3KugkNPHWKTh3FH3u/NESxXdKB6w+tYBVlhqAtQLYgE6Y4Q=="
    }
  }
}
